
Microsoft Visual Studio Solution File, Format Version 12.00
# Visual Studio Version 17
VisualStudioVersion = 17.14.36310.24 d17.14
MinimumVisualStudioVersion = 10.0.40219.1
Project("{FAE04EC0-301F-11D3-BF4B-00C04F79EFBC}") = "EmployeeManagementSystem", "EmployeeManagementSystem\EmployeeManagementSystem.csproj", "{B45800C2-CC37-443D-88D1-032C66B77E4A}"
EndProject
Global
	GlobalSection(SolutionConfigurationPlatforms) = preSolution
		Debug|Any CPU = Debug|Any CPU
		Release|Any CPU = Release|Any CPU
	EndGlobalSection
	GlobalSection(ProjectConfigurationPlatforms) = postSolution
		{B45800C2-CC37-443D-88D1-032C66B77E4A}.Debug|Any CPU.ActiveCfg = Debug|Any CPU
		{B45800C2-CC37-443D-88D1-032C66B77E4A}.Debug|Any CPU.Build.0 = Debug|Any CPU
		{B45800C2-CC37-443D-88D1-032C66B77E4A}.Release|Any CPU.ActiveCfg = Release|Any CPU
		{B45800C2-CC37-443D-88D1-032C66B77E4A}.Release|Any CPU.Build.0 = Release|Any CPU
	EndGlobalSection
	GlobalSection(SolutionProperties) = preSolution
		HideSolutionNode = FALSE
	EndGlobalSection
	GlobalSection(ExtensibilityGlobals) = postSolution
		SolutionGuid = {226C82FB-E81F-4BB5-AF68-97D963865145}
	EndGlobalSection
EndGlobal
